
Microsoft Visual Studio Solution File, Format Version 12.00
# Visual Studio Version 17
VisualStudioVersion = 17.8.34330.188
MinimumVisualStudioVersion = 10.0.40219.1
Project("{FAE04EC0-301F-11D3-BF4B-00C04F79EFBC}") = "Lab01", "Lab01\Lab01.csproj", "{C687B646-BE34-4E90-8685-47C1DBB30E40}"
EndProject
Global
	GlobalSection(SolutionConfigurationPlatforms) = preSolution
		Debug|Any CPU = Debug|Any CPU
		Release|Any CPU = Release|Any CPU
	EndGlobalSection
	GlobalSection(ProjectConfigurationPlatforms) = postSolution
		{C687B646-BE34-4E90-8685-47C1DBB30E40}.Debug|Any CPU.ActiveCfg = Debug|Any CPU
		{C687B646-BE34-4E90-8685-47C1DBB30E40}.Debug|Any CPU.Build.0 = Debug|Any CPU
		{C687B646-BE34-4E90-8685-47C1DBB30E40}.Release|Any CPU.ActiveCfg = Release|Any CPU
		{C687B646-BE34-4E90-8685-47C1DBB30E40}.Release|Any CPU.Build.0 = Release|Any CPU
	EndGlobalSection
	GlobalSection(SolutionProperties) = preSolution
		HideSolutionNode = FALSE
	EndGlobalSection
	GlobalSection(ExtensibilityGlobals) = postSolution
		SolutionGuid = {1F4FEE0F-886A-4D2A-8788-9C4C093B22CC}
	EndGlobalSection
EndGlobal
