
Microsoft Visual Studio Solution File, Format Version 12.00
# Visual Studio Version 17
VisualStudioVersion = 17.8.34330.188
MinimumVisualStudioVersion = 10.0.40219.1
Project("{FAE04EC0-301F-11D3-BF4B-00C04F79EFBC}") = "DataAccessLayer", "DataAccessLayer\DataAccessLayer.csproj", "{C5B669BA-EBCB-4BFF-B575-5341AD2E7DC0}"
EndProject
Project("{FAE04EC0-301F-11D3-BF4B-00C04F79EFBC}") = "BusinessLogicLayer", "BusinessLogicLayer\BusinessLogicLayer.csproj", "{44859590-765F-41E1-86A5-F44F40F0A7F4}"
EndProject
Project("{FAE04EC0-301F-11D3-BF4B-00C04F79EFBC}") = "DepartmentsConsoleApp", "DepartmentsConsoleApp\DepartmentsConsoleApp.csproj", "{818056C3-731F-40B4-BBB9-EC8165A8588C}"
EndProject
Global
	GlobalSection(SolutionConfigurationPlatforms) = preSolution
		Debug|Any CPU = Debug|Any CPU
		Release|Any CPU = Release|Any CPU
	EndGlobalSection
	GlobalSection(ProjectConfigurationPlatforms) = postSolution
		{C5B669BA-EBCB-4BFF-B575-5341AD2E7DC0}.Debug|Any CPU.ActiveCfg = Debug|Any CPU
		{C5B669BA-EBCB-4BFF-B575-5341AD2E7DC0}.Debug|Any CPU.Build.0 = Debug|Any CPU
		{C5B669BA-EBCB-4BFF-B575-5341AD2E7DC0}.Release|Any CPU.ActiveCfg = Release|Any CPU
		{C5B669BA-EBCB-4BFF-B575-5341AD2E7DC0}.Release|Any CPU.Build.0 = Release|Any CPU
		{44859590-765F-41E1-86A5-F44F40F0A7F4}.Debug|Any CPU.ActiveCfg = Debug|Any CPU
		{44859590-765F-41E1-86A5-F44F40F0A7F4}.Debug|Any CPU.Build.0 = Debug|Any CPU
		{44859590-765F-41E1-86A5-F44F40F0A7F4}.Release|Any CPU.ActiveCfg = Release|Any CPU
		{44859590-765F-41E1-86A5-F44F40F0A7F4}.Release|Any CPU.Build.0 = Release|Any CPU
		{818056C3-731F-40B4-BBB9-EC8165A8588C}.Debug|Any CPU.ActiveCfg = Debug|Any CPU
		{818056C3-731F-40B4-BBB9-EC8165A8588C}.Debug|Any CPU.Build.0 = Debug|Any CPU
		{818056C3-731F-40B4-BBB9-EC8165A8588C}.Release|Any CPU.ActiveCfg = Release|Any CPU
		{818056C3-731F-40B4-BBB9-EC8165A8588C}.Release|Any CPU.Build.0 = Release|Any CPU
	EndGlobalSection
	GlobalSection(SolutionProperties) = preSolution
		HideSolutionNode = FALSE
	EndGlobalSection
	GlobalSection(ExtensibilityGlobals) = postSolution
		SolutionGuid = {0C19E5E6-A3D4-4905-86EB-D894AC5A4983}
	EndGlobalSection
EndGlobal
